
Microsoft Visual Studio Solution File, Format Version 12.00
# Visual Studio Version 17
VisualStudioVersion = 17.3.32819.101
MinimumVisualStudioVersion = 10.0.40219.1
Project("{FAE04EC0-301F-11D3-BF4B-00C04F79EFBC}") = "Gdsc", "Gdsc\Gdsc.csproj", "{98EE9076-77C0-4BA7-93E4-02CC61BFE95C}"
EndProject
Project("{FAE04EC0-301F-11D3-BF4B-00C04F79EFBC}") = "DAL", "DAL\DAL.csproj", "{68CEA9F3-648D-4D56-9979-FAE3FF640956}"
EndProject
Project("{FAE04EC0-301F-11D3-BF4B-00C04F79EFBC}") = "BLL", "BLL\BLL.csproj", "{5F804AED-C12D-447F-9E87-1B92A2005A7E}"
EndProject
Global
	GlobalSection(SolutionConfigurationPlatforms) = preSolution
		Debug|Any CPU = Debug|Any CPU
		Release|Any CPU = Release|Any CPU
	EndGlobalSection
	GlobalSection(ProjectConfigurationPlatforms) = postSolution
		{98EE9076-77C0-4BA7-93E4-02CC61BFE95C}.Debug|Any CPU.ActiveCfg = Debug|Any CPU
		{98EE9076-77C0-4BA7-93E4-02CC61BFE95C}.Debug|Any CPU.Build.0 = Debug|Any CPU
		{98EE9076-77C0-4BA7-93E4-02CC61BFE95C}.Release|Any CPU.ActiveCfg = Release|Any CPU
		{98EE9076-77C0-4BA7-93E4-02CC61BFE95C}.Release|Any CPU.Build.0 = Release|Any CPU
		{68CEA9F3-648D-4D56-9979-FAE3FF640956}.Debug|Any CPU.ActiveCfg = Debug|Any CPU
		{68CEA9F3-648D-4D56-9979-FAE3FF640956}.Debug|Any CPU.Build.0 = Debug|Any CPU
		{68CEA9F3-648D-4D56-9979-FAE3FF640956}.Release|Any CPU.ActiveCfg = Release|Any CPU
		{68CEA9F3-648D-4D56-9979-FAE3FF640956}.Release|Any CPU.Build.0 = Release|Any CPU
		{5F804AED-C12D-447F-9E87-1B92A2005A7E}.Debug|Any CPU.ActiveCfg = Debug|Any CPU
		{5F804AED-C12D-447F-9E87-1B92A2005A7E}.Debug|Any CPU.Build.0 = Debug|Any CPU
		{5F804AED-C12D-447F-9E87-1B92A2005A7E}.Release|Any CPU.ActiveCfg = Release|Any CPU
		{5F804AED-C12D-447F-9E87-1B92A2005A7E}.Release|Any CPU.Build.0 = Release|Any CPU
	EndGlobalSection
	GlobalSection(SolutionProperties) = preSolution
		HideSolutionNode = FALSE
	EndGlobalSection
	GlobalSection(ExtensibilityGlobals) = postSolution
		SolutionGuid = {2BFD64C2-D873-4DD4-A6FD-0D21E895B841}
	EndGlobalSection
EndGlobal
